
Microsoft Visual Studio Solution File, Format Version 12.00
# Visual Studio 15
VisualStudioVersion = 15.0.28307.645
MinimumVisualStudioVersion = 10.0.40219.1
Project("{8BC9CEB8-8B4A-11D0-8D11-00A0C91BC942}") = "DictionaryRealm", "DictionaryRealm\DictionaryRealm.vcxproj", "{F22140D1-07E0-4602-B629-4E811A5CA44D}"
EndProject
Global
	GlobalSection(SolutionConfigurationPlatforms) = preSolution
		Debug|x64 = Debug|x64
		Debug|x86 = Debug|x86
		Release|x64 = Release|x64
		Release|x86 = Release|x86
	EndGlobalSection
	GlobalSection(ProjectConfigurationPlatforms) = postSolution
		{F22140D1-07E0-4602-B629-4E811A5CA44D}.Debug|x64.ActiveCfg = Debug|x64
		{F22140D1-07E0-4602-B629-4E811A5CA44D}.Debug|x64.Build.0 = Debug|x64
		{F22140D1-07E0-4602-B629-4E811A5CA44D}.Debug|x86.ActiveCfg = Debug|Win32
		{F22140D1-07E0-4602-B629-4E811A5CA44D}.Debug|x86.Build.0 = Debug|Win32
		{F22140D1-07E0-4602-B629-4E811A5CA44D}.Release|x64.ActiveCfg = Release|x64
		{F22140D1-07E0-4602-B629-4E811A5CA44D}.Release|x64.Build.0 = Release|x64
		{F22140D1-07E0-4602-B629-4E811A5CA44D}.Release|x86.ActiveCfg = Release|Win32
		{F22140D1-07E0-4602-B629-4E811A5CA44D}.Release|x86.Build.0 = Release|Win32
	EndGlobalSection
	GlobalSection(SolutionProperties) = preSolution
		HideSolutionNode = FALSE
	EndGlobalSection
	GlobalSection(ExtensibilityGlobals) = postSolution
		SolutionGuid = {A144E649-7A2B-4557-9024-00787DC84A4C}
	EndGlobalSection
EndGlobal
