
Microsoft Visual Studio Solution File, Format Version 12.00
# Visual Studio Version 16
VisualStudioVersion = 16.0.33328.57
MinimumVisualStudioVersion = 10.0.40219.1
Project("{FAE04EC0-301F-11D3-BF4B-00C04F79EFBC}") = "KursovayaRyabSolAbr", "KursovayaRyabSolAbr.csproj", "{38699AE4-C309-459F-B27C-889AB7235709}"
EndProject
Global
	GlobalSection(SolutionConfigurationPlatforms) = preSolution
		Debug|Any CPU = Debug|Any CPU
		Release|Any CPU = Release|Any CPU
	EndGlobalSection
	GlobalSection(ProjectConfigurationPlatforms) = postSolution
		{38699AE4-C309-459F-B27C-889AB7235709}.Debug|Any CPU.ActiveCfg = Debug|Any CPU
		{38699AE4-C309-459F-B27C-889AB7235709}.Debug|Any CPU.Build.0 = Debug|Any CPU
		{38699AE4-C309-459F-B27C-889AB7235709}.Release|Any CPU.ActiveCfg = Release|Any CPU
		{38699AE4-C309-459F-B27C-889AB7235709}.Release|Any CPU.Build.0 = Release|Any CPU
	EndGlobalSection
	GlobalSection(SolutionProperties) = preSolution
		HideSolutionNode = FALSE
	EndGlobalSection
	GlobalSection(ExtensibilityGlobals) = postSolution
		SolutionGuid = {80F33C3A-38C0-45C7-9FA0-F8489C5EBDDB}
	EndGlobalSection
EndGlobal
